
Microsoft Visual Studio Solution File, Format Version 12.00
Project("{FAE04EC0-301F-11D3-BF4B-00C04F79EFBC}") = "TicketSystem", "TicketSystem\TicketSystem.csproj", "{983D1D2B-1C6C-4128-AC85-CD347E23C7DE}"
EndProject
Project("{FAE04EC0-301F-11D3-BF4B-00C04F79EFBC}") = "EmailService", "EmailService\EmailService.csproj", "{DFEC0CBF-1F69-40CD-B063-7CC6FE040E03}"
EndProject
Project("{FAE04EC0-301F-11D3-BF4B-00C04F79EFBC}") = "EmailService.Test", "EmailService.Test\EmailService.Test.csproj", "{79F9358A-248D-4948-BD36-6BAC1A89DAC2}"
EndProject
Project("{FAE04EC0-301F-11D3-BF4B-00C04F79EFBC}") = "TicketSystemRegressionTest", "TicketSystemRegressionTest\TicketSystemRegressionTest.csproj", "{1F1EDE4C-CC08-42B4-B532-BA4F701B61A5}"
EndProject
Global
	GlobalSection(SolutionConfigurationPlatforms) = preSolution
		Debug|Any CPU = Debug|Any CPU
		Release|Any CPU = Release|Any CPU
	EndGlobalSection
	GlobalSection(ProjectConfigurationPlatforms) = postSolution
		{983D1D2B-1C6C-4128-AC85-CD347E23C7DE}.Debug|Any CPU.ActiveCfg = Debug|Any CPU
		{983D1D2B-1C6C-4128-AC85-CD347E23C7DE}.Debug|Any CPU.Build.0 = Debug|Any CPU
		{983D1D2B-1C6C-4128-AC85-CD347E23C7DE}.Release|Any CPU.ActiveCfg = Release|Any CPU
		{983D1D2B-1C6C-4128-AC85-CD347E23C7DE}.Release|Any CPU.Build.0 = Release|Any CPU
		{DFEC0CBF-1F69-40CD-B063-7CC6FE040E03}.Debug|Any CPU.ActiveCfg = Debug|Any CPU
		{DFEC0CBF-1F69-40CD-B063-7CC6FE040E03}.Debug|Any CPU.Build.0 = Debug|Any CPU
		{DFEC0CBF-1F69-40CD-B063-7CC6FE040E03}.Release|Any CPU.ActiveCfg = Release|Any CPU
		{DFEC0CBF-1F69-40CD-B063-7CC6FE040E03}.Release|Any CPU.Build.0 = Release|Any CPU
		{79F9358A-248D-4948-BD36-6BAC1A89DAC2}.Debug|Any CPU.ActiveCfg = Debug|Any CPU
		{79F9358A-248D-4948-BD36-6BAC1A89DAC2}.Debug|Any CPU.Build.0 = Debug|Any CPU
		{79F9358A-248D-4948-BD36-6BAC1A89DAC2}.Release|Any CPU.ActiveCfg = Release|Any CPU
		{79F9358A-248D-4948-BD36-6BAC1A89DAC2}.Release|Any CPU.Build.0 = Release|Any CPU
		{1F1EDE4C-CC08-42B4-B532-BA4F701B61A5}.Debug|Any CPU.ActiveCfg = Debug|Any CPU
		{1F1EDE4C-CC08-42B4-B532-BA4F701B61A5}.Debug|Any CPU.Build.0 = Debug|Any CPU
		{1F1EDE4C-CC08-42B4-B532-BA4F701B61A5}.Release|Any CPU.ActiveCfg = Release|Any CPU
		{1F1EDE4C-CC08-42B4-B532-BA4F701B61A5}.Release|Any CPU.Build.0 = Release|Any CPU
	EndGlobalSection
EndGlobal
